PODS:
  - Alamofire (5.2.0)
  - SDWebImage (5.9.0):
    - SDWebImage/Core (= 5.9.0)
  - SDWebImage/Core (5.9.0)
  - SwiftyJSON (5.0.0)

DEPENDENCIES:
  - Alamofire
  - SDWebImage
  - SwiftyJSON

SPEC REPOS:
  trunk:
    - Alamofire
    - SDWebImage
    - SwiftyJSON

SPEC CHECKSUMS:
  Alamofire: c1ca147559e730bfb2182c8c7aafbdd90a867987
  SDWebImage: 62ae4a18473520c67b79e9724c31a63599cc9423
  SwiftyJSON: 36413e04c44ee145039d332b4f4e2d3e8d6c4db7

PODFILE CHECKSUM: 47be5eb094eb27b35675d45cb4bb49fdd8e8b221

COCOAPODS: 1.9.3
